
Microsoft Visual Studio Solution File, Format Version 12.00
# Visual Studio Version 17
VisualStudioVersion = 17.5.33424.131
MinimumVisualStudioVersion = 10.0.40219.1
Project("{9A19103F-16F7-4668-BE54-9A1E7A4F7556}") = "AuthorizationServiceExample.Web", "AuthorizationServiceExample.Web\AuthorizationServiceExample.Web.csproj", "{4EA6C56D-EE63-4708-A234-6CB8A0DF93DB}"
EndProject
Project("{FAE04EC0-301F-11D3-BF4B-00C04F79EFBC}") = "AuthorizationServiceExample.Bll", "AuthorizationServiceExample.Bll\AuthorizationServiceExample.Bll.csproj", "{62082677-06C7-4F75-B78A-F970D6CDAEED}"
EndProject
Project("{FAE04EC0-301F-11D3-BF4B-00C04F79EFBC}") = "AuthorizationServiceExample.Di", "AuthorizationServiceExample.Di\AuthorizationServiceExample.Di.csproj", "{0C2EA3A9-DDDA-4090-8877-A62ABA6079FE}"
EndProject
Project("{FAE04EC0-301F-11D3-BF4B-00C04F79EFBC}") = "AuthorizationServiceExample.Dal", "AuthorizationServiceExample.Dal\AuthorizationServiceExample.Dal.csproj", "{35E73316-D67F-4A49-8B7B-10D5FEEF57B5}"
EndProject
Project("{FAE04EC0-301F-11D3-BF4B-00C04F79EFBC}") = "AuthorizationServiceExample.Common", "AuthorizationServiceExample.Common\AuthorizationServiceExample.Common.csproj", "{74676CD9-2199-4FCB-9757-40C323713AC9}"
EndProject
Global
	GlobalSection(SolutionConfigurationPlatforms) = preSolution
		Debug|Any CPU = Debug|Any CPU
		Release|Any CPU = Release|Any CPU
	EndGlobalSection
	GlobalSection(ProjectConfigurationPlatforms) = postSolution
		{4EA6C56D-EE63-4708-A234-6CB8A0DF93DB}.Debug|Any CPU.ActiveCfg = Debug|Any CPU
		{4EA6C56D-EE63-4708-A234-6CB8A0DF93DB}.Debug|Any CPU.Build.0 = Debug|Any CPU
		{4EA6C56D-EE63-4708-A234-6CB8A0DF93DB}.Release|Any CPU.ActiveCfg = Release|Any CPU
		{4EA6C56D-EE63-4708-A234-6CB8A0DF93DB}.Release|Any CPU.Build.0 = Release|Any CPU
		{62082677-06C7-4F75-B78A-F970D6CDAEED}.Debug|Any CPU.ActiveCfg = Debug|Any CPU
		{62082677-06C7-4F75-B78A-F970D6CDAEED}.Debug|Any CPU.Build.0 = Debug|Any CPU
		{62082677-06C7-4F75-B78A-F970D6CDAEED}.Release|Any CPU.ActiveCfg = Release|Any CPU
		{62082677-06C7-4F75-B78A-F970D6CDAEED}.Release|Any CPU.Build.0 = Release|Any CPU
		{0C2EA3A9-DDDA-4090-8877-A62ABA6079FE}.Debug|Any CPU.ActiveCfg = Debug|Any CPU
		{0C2EA3A9-DDDA-4090-8877-A62ABA6079FE}.Debug|Any CPU.Build.0 = Debug|Any CPU
		{0C2EA3A9-DDDA-4090-8877-A62ABA6079FE}.Release|Any CPU.ActiveCfg = Release|Any CPU
		{0C2EA3A9-DDDA-4090-8877-A62ABA6079FE}.Release|Any CPU.Build.0 = Release|Any CPU
		{35E73316-D67F-4A49-8B7B-10D5FEEF57B5}.Debug|Any CPU.ActiveCfg = Debug|Any CPU
		{35E73316-D67F-4A49-8B7B-10D5FEEF57B5}.Debug|Any CPU.Build.0 = Debug|Any CPU
		{35E73316-D67F-4A49-8B7B-10D5FEEF57B5}.Release|Any CPU.ActiveCfg = Release|Any CPU
		{35E73316-D67F-4A49-8B7B-10D5FEEF57B5}.Release|Any CPU.Build.0 = Release|Any CPU
		{74676CD9-2199-4FCB-9757-40C323713AC9}.Debug|Any CPU.ActiveCfg = Debug|Any CPU
		{74676CD9-2199-4FCB-9757-40C323713AC9}.Debug|Any CPU.Build.0 = Debug|Any CPU
		{74676CD9-2199-4FCB-9757-40C323713AC9}.Release|Any CPU.ActiveCfg = Release|Any CPU
		{74676CD9-2199-4FCB-9757-40C323713AC9}.Release|Any CPU.Build.0 = Release|Any CPU
	EndGlobalSection
	GlobalSection(SolutionProperties) = preSolution
		HideSolutionNode = FALSE
	EndGlobalSection
	GlobalSection(ExtensibilityGlobals) = postSolution
		SolutionGuid = {41CD1FDD-5CAF-499D-9469-16930A90AD2D}
	EndGlobalSection
EndGlobal
